
Microsoft Visual Studio Solution File, Format Version 12.00
# Visual Studio Version 17
VisualStudioVersion = 17.10.35201.131
MinimumVisualStudioVersion = 10.0.40219.1
Project("{FAE04EC0-301F-11D3-BF4B-00C04F79EFBC}") = "ExceptionHandling_Global", "ExceptionHandling_Global\ExceptionHandling_Global.csproj", "{21A41903-1656-4608-BD02-E3D954925442}"
EndProject
Global
	GlobalSection(SolutionConfigurationPlatforms) = preSolution
		Debug|Any CPU = Debug|Any CPU
		Release|Any CPU = Release|Any CPU
	EndGlobalSection
	GlobalSection(ProjectConfigurationPlatforms) = postSolution
		{21A41903-1656-4608-BD02-E3D954925442}.Debug|Any CPU.ActiveCfg = Debug|Any CPU
		{21A41903-1656-4608-BD02-E3D954925442}.Debug|Any CPU.Build.0 = Debug|Any CPU
		{21A41903-1656-4608-BD02-E3D954925442}.Release|Any CPU.ActiveCfg = Release|Any CPU
		{21A41903-1656-4608-BD02-E3D954925442}.Release|Any CPU.Build.0 = Release|Any CPU
	EndGlobalSection
	GlobalSection(SolutionProperties) = preSolution
		HideSolutionNode = FALSE
	EndGlobalSection
	GlobalSection(ExtensibilityGlobals) = postSolution
		SolutionGuid = {EBDA2725-EEE0-462B-A431-DD8464D12199}
	EndGlobalSection
EndGlobal
